
Microsoft Visual Studio Solution File, Format Version 12.00
# Visual Studio Version 16
VisualStudioVersion = 16.0.28714.193
MinimumVisualStudioVersion = 10.0.40219.1
Project("{FAE04EC0-301F-11D3-BF4B-00C04F79EFBC}") = "DataRetrieve", "DataRetrieve\DataRetrieve.csproj", "{EC9FDF6D-8678-49B2-9396-8DD088FD510E}"
EndProject
Global
	GlobalSection(SolutionConfigurationPlatforms) = preSolution
		Debug|Any CPU = Debug|Any CPU
		Release|Any CPU = Release|Any CPU
	EndGlobalSection
	GlobalSection(ProjectConfigurationPlatforms) = postSolution
		{EC9FDF6D-8678-49B2-9396-8DD088FD510E}.Debug|Any CPU.ActiveCfg = Debug|Any CPU
		{EC9FDF6D-8678-49B2-9396-8DD088FD510E}.Debug|Any CPU.Build.0 = Debug|Any CPU
		{EC9FDF6D-8678-49B2-9396-8DD088FD510E}.Release|Any CPU.ActiveCfg = Release|Any CPU
		{EC9FDF6D-8678-49B2-9396-8DD088FD510E}.Release|Any CPU.Build.0 = Release|Any CPU
	EndGlobalSection
	GlobalSection(SolutionProperties) = preSolution
		HideSolutionNode = FALSE
	EndGlobalSection
	GlobalSection(ExtensibilityGlobals) = postSolution
		SolutionGuid = {7630851A-68D8-4198-8C86-B410EE832B27}
	EndGlobalSection
EndGlobal
